<Solution>
  <Folder Name="/src/">
    <Project Path="src/Orictron.Android/Orictron.Android.csproj" />
    <Project Path="src/Orictron.Core/Orictron.Core.csproj" />
    <Project Path="src/Orictron.Desktop/Orictron.Desktop.csproj" />
    <Project Path="src/Orictron.iOS/Orictron.iOS.csproj" />
  </Folder>
  <Folder Name="/tests/">
    <Project Path="tests/Orictron.Tests/Orictron.Tests.csproj" />
  </Folder>
  <Folder Name="/tools/">
    <Project Path="tools/Orictron.Capture/Orictron.Capture.csproj" />
  </Folder>
</Solution>
